
Microsoft Visual Studio Solution File, Format Version 12.00
# Visual Studio Version 17
VisualStudioVersion = 17.3.32929.385
MinimumVisualStudioVersion = 10.0.40219.1
Project("{FAE04EC0-301F-11D3-BF4B-00C04F79EFBC}") = "Hotel", "Hotel\Hotel.csproj", "{452C8024-A7A4-421E-AF21-05C9155DCB19}"
EndProject
Global
	GlobalSection(SolutionConfigurationPlatforms) = preSolution
		Debug|Any CPU = Debug|Any CPU
		Release|Any CPU = Release|Any CPU
	EndGlobalSection
	GlobalSection(ProjectConfigurationPlatforms) = postSolution
		{452C8024-A7A4-421E-AF21-05C9155DCB19}.Debug|Any CPU.ActiveCfg = Debug|Any CPU
		{452C8024-A7A4-421E-AF21-05C9155DCB19}.Debug|Any CPU.Build.0 = Debug|Any CPU
		{452C8024-A7A4-421E-AF21-05C9155DCB19}.Release|Any CPU.ActiveCfg = Release|Any CPU
		{452C8024-A7A4-421E-AF21-05C9155DCB19}.Release|Any CPU.Build.0 = Release|Any CPU
	EndGlobalSection
	GlobalSection(SolutionProperties) = preSolution
		HideSolutionNode = FALSE
	EndGlobalSection
	GlobalSection(ExtensibilityGlobals) = postSolution
		SolutionGuid = {09AB8596-3FA8-43F8-B40D-0DD2438E45EE}
	EndGlobalSection
EndGlobal
