
Microsoft Visual Studio Solution File, Format Version 12.00
# Visual Studio Version 17
VisualStudioVersion = 17.3.32825.248
MinimumVisualStudioVersion = 10.0.40219.1
Project("{9A19103F-16F7-4668-BE54-9A1E7A4F7556}") = "Hotel", "Hotel\Hotel.csproj", "{619097E5-A56F-4DEC-A649-E2FEA025BF53}"
EndProject
Project("{9A19103F-16F7-4668-BE54-9A1E7A4F7556}") = "Modelos", "Modelos\Modelos.csproj", "{D9711586-C3E5-4F51-A21A-0EB990946D84}"
EndProject
Project("{9A19103F-16F7-4668-BE54-9A1E7A4F7556}") = "Datos", "Datos\Datos.csproj", "{D19722C8-61AE-4CAD-A8C5-B644B1B70F18}"
EndProject
Global
	GlobalSection(SolutionConfigurationPlatforms) = preSolution
		Debug|Any CPU = Debug|Any CPU
		Release|Any CPU = Release|Any CPU
	EndGlobalSection
	GlobalSection(ProjectConfigurationPlatforms) = postSolution
		{619097E5-A56F-4DEC-A649-E2FEA025BF53}.Debug|Any CPU.ActiveCfg = Debug|Any CPU
		{619097E5-A56F-4DEC-A649-E2FEA025BF53}.Debug|Any CPU.Build.0 = Debug|Any CPU
		{619097E5-A56F-4DEC-A649-E2FEA025BF53}.Release|Any CPU.ActiveCfg = Release|Any CPU
		{619097E5-A56F-4DEC-A649-E2FEA025BF53}.Release|Any CPU.Build.0 = Release|Any CPU
		{D9711586-C3E5-4F51-A21A-0EB990946D84}.Debug|Any CPU.ActiveCfg = Debug|Any CPU
		{D9711586-C3E5-4F51-A21A-0EB990946D84}.Debug|Any CPU.Build.0 = Debug|Any CPU
		{D9711586-C3E5-4F51-A21A-0EB990946D84}.Release|Any CPU.ActiveCfg = Release|Any CPU
		{D9711586-C3E5-4F51-A21A-0EB990946D84}.Release|Any CPU.Build.0 = Release|Any CPU
		{D19722C8-61AE-4CAD-A8C5-B644B1B70F18}.Debug|Any CPU.ActiveCfg = Debug|Any CPU
		{D19722C8-61AE-4CAD-A8C5-B644B1B70F18}.Debug|Any CPU.Build.0 = Debug|Any CPU
		{D19722C8-61AE-4CAD-A8C5-B644B1B70F18}.Release|Any CPU.ActiveCfg = Release|Any CPU
		{D19722C8-61AE-4CAD-A8C5-B644B1B70F18}.Release|Any CPU.Build.0 = Release|Any CPU
	EndGlobalSection
	GlobalSection(SolutionProperties) = preSolution
		HideSolutionNode = FALSE
	EndGlobalSection
	GlobalSection(ExtensibilityGlobals) = postSolution
		SolutionGuid = {DA1DF90B-96A3-490F-B9A3-49C184501D6E}
	EndGlobalSection
EndGlobal
